
Microsoft Visual Studio Solution File, Format Version 12.00
# Visual Studio Version 17
VisualStudioVersion = 17.0.31903.59
MinimumVisualStudioVersion = 10.0.40219.1
Project("{FAE04EC0-301F-11D3-BF4B-00C04F79EFBC}") = "API", "API\API.csproj", "{FE3798F2-48CE-475F-8DD3-58FA900C93F8}"
EndProject
Project("{FAE04EC0-301F-11D3-BF4B-00C04F79EFBC}") = "FrontEnd", "FrontEnd\FrontEnd.csproj", "{FA0E50BF-CBC1-44A7-9D7D-ED82B10F284E}"
EndProject
Global
	GlobalSection(SolutionConfigurationPlatforms) = preSolution
		Debug|Any CPU = Debug|Any CPU
		Release|Any CPU = Release|Any CPU
	EndGlobalSection
	GlobalSection(SolutionProperties) = preSolution
		HideSolutionNode = FALSE
	EndGlobalSection
	GlobalSection(ProjectConfigurationPlatforms) = postSolution
		{FE3798F2-48CE-475F-8DD3-58FA900C93F8}.Debug|Any CPU.ActiveCfg = Debug|Any CPU
		{FE3798F2-48CE-475F-8DD3-58FA900C93F8}.Debug|Any CPU.Build.0 = Debug|Any CPU
		{FE3798F2-48CE-475F-8DD3-58FA900C93F8}.Release|Any CPU.ActiveCfg = Release|Any CPU
		{FE3798F2-48CE-475F-8DD3-58FA900C93F8}.Release|Any CPU.Build.0 = Release|Any CPU
		{FA0E50BF-CBC1-44A7-9D7D-ED82B10F284E}.Debug|Any CPU.ActiveCfg = Debug|Any CPU
		{FA0E50BF-CBC1-44A7-9D7D-ED82B10F284E}.Debug|Any CPU.Build.0 = Debug|Any CPU
		{FA0E50BF-CBC1-44A7-9D7D-ED82B10F284E}.Release|Any CPU.ActiveCfg = Release|Any CPU
		{FA0E50BF-CBC1-44A7-9D7D-ED82B10F284E}.Release|Any CPU.Build.0 = Release|Any CPU
	EndGlobalSection
EndGlobal
